// !$*UTF8*$!
{
	archiveVersion = 1;
	classes = {
	};
	objectVersion = 51;
	objects = {

/* Begin PBXBuildFile section */
		2F319A7D25E766CF006152AB /* AddPostViewController.swift in Sources */ = {isa = PBXBuildFile; fileRef = 2F319A7C25E766CF006152AB /* AddPostViewController.swift */; };
		2FC3320525E61ABA00564D64 /* LoginResponse.swift in Sources */ = {isa = PBXBuildFile; fileRef = 2FC3320425E61ABA00564D64 /* LoginResponse.swift */; };
		2FC3320825E61ACF00564D64 /* ErrorResponse.swift in Sources */ = {isa = PBXBuildFile; fileRef = 2FC3320725E61ACF00564D64 /* ErrorResponse.swift */; };
		2FC3320B25E61AE200564D64 /* GeneralResponse.swift in Sources */ = {isa = PBXBuildFile; fileRef = 2FC3320A25E61AE200564D64 /* GeneralResponse.swift */; };
		2FC3321125E61B1100564D64 /* PostRequest.swift in Sources */ = {isa = PBXBuildFile; fileRef = 2FC3321025E61B1100564D64 /* PostRequest.swift */; };
		2FC3321425E61B2400564D64 /* LoginRequest.swift in Sources */ = {isa = PBXBuildFile; fileRef = 2FC3321325E61B2400564D64 /* LoginRequest.swift */; };
		2FC3321825E61C3B00564D64 /* PostRequestLocation.swift in Sources */ = {isa = PBXBuildFile; fileRef = 2FC3321725E61C3B00564D64 /* PostRequestLocation.swift */; };
		2FC3321B25E61C7800564D64 /* RegisterRequest.swift in Sources */ = {isa = PBXBuildFile; fileRef = 2FC3321A25E61C7800564D64 /* RegisterRequest.swift */; };
		2FC3321E25E61D5100564D64 /* Post.swift in Sources */ = {isa = PBXBuildFile; fileRef = 2FC3321D25E61D5100564D64 /* Post.swift */; };
		2FC3322125E61D6F00564D64 /* PostLocation.swift in Sources */ = {isa = PBXBuildFile; fileRef = 2FC3322025E61D6F00564D64 /* PostLocation.swift */; };
		2FC3322425E61D8F00564D64 /* User.swift in Sources */ = {isa = PBXBuildFile; fileRef = 2FC3322325E61D8F00564D64 /* User.swift */; };
		2FC3322725E61DC800564D64 /* EndPoints.swift in Sources */ = {isa = PBXBuildFile; fileRef = 2FC3322625E61DC800564D64 /* EndPoints.swift */; };
		2FC3322A25E6269F00564D64 /* HomeViewController.swift in Sources */ = {isa = PBXBuildFile; fileRef = 2FC3322925E6269F00564D64 /* HomeViewController.swift */; };
		2FC3322F25E627DD00564D64 /* pTweetsTableViewCell.swift in Sources */ = {isa = PBXBuildFile; fileRef = 2FC3322D25E627DD00564D64 /* pTweetsTableViewCell.swift */; };
		2FC3323025E627DD00564D64 /* pTweetsTableViewCell.xib in Resources */ = {isa = PBXBuildFile; fileRef = 2FC3322E25E627DD00564D64 /* pTweetsTableViewCell.xib */; };
		2FCF42AD25E2291700E18AA8 /* AppDelegate.swift in Sources */ = {isa = PBXBuildFile; fileRef = 2FCF42AC25E2291700E18AA8 /* AppDelegate.swift */; };
		2FCF42B125E2291700E18AA8 /* ViewController.swift in Sources */ = {isa = PBXBuildFile; fileRef = 2FCF42B025E2291700E18AA8 /* ViewController.swift */; };
		2FCF42B625E2291900E18AA8 /* Assets.xcassets in Resources */ = {isa = PBXBuildFile; fileRef = 2FCF42B525E2291900E18AA8 /* Assets.xcassets */; };
		2FCF42B925E2291900E18AA8 /* LaunchScreen.storyboard in Resources */ = {isa = PBXBuildFile; fileRef = 2FCF42B725E2291900E18AA8 /* LaunchScreen.storyboard */; };
		2FCF42E025E22D8300E18AA8 /* Welcome.storyboard in Resources */ = {isa = PBXBuildFile; fileRef = 2FCF42DF25E22D8300E18AA8 /* Welcome.storyboard */; };
		2FDBFCBB25E4CACB0052E47B /* WelcomeViewController.swift in Sources */ = {isa = PBXBuildFile; fileRef = 2FDBFCBA25E4CACB0052E47B /* WelcomeViewController.swift */; };
		2FDBFCBE25E4CAEF0052E47B /* LoginViewController.swift in Sources */ = {isa = PBXBuildFile; fileRef = 2FDBFCBD25E4CAEF0052E47B /* LoginViewController.swift */; };
		2FDBFCC125E4CB150052E47B /* RegisterViewController.swift in Sources */ = {isa = PBXBuildFile; fileRef = 2FDBFCC025E4CB150052E47B /* RegisterViewController.swift */; };
		2FDBFCC525E4DB940052E47B /* Home.storyboard in Resources */ = {isa = PBXBuildFile; fileRef = 2FDBFCC425E4DB940052E47B /* Home.storyboard */; };
		CBAD76165B8DD5359825B319 /* Pods_pTweet.framework in Frameworks */ = {isa = PBXBuildFile; fileRef = 8334B57D653FA9817C12D262 /* Pods_pTweet.framework */; };
/* End PBXBuildFile section */

/* Begin PBXFileReference section */
		2F319A7C25E766CF006152AB /* AddPostViewController.swift */ = {isa = PBXFileReference; lastKnownFileType = sourcecode.swift; path = AddPostViewController.swift; sourceTree = "<group>"; };
		2FC3320425E61ABA00564D64 /* LoginResponse.swift */ = {isa = PBXFileReference; lastKnownFileType = sourcecode.swift; path = LoginResponse.swift; sourceTree = "<group>"; };
		2FC3320725E61ACF00564D64 /* ErrorResponse.swift */ = {isa = PBXFileReference; lastKnownFileType = sourcecode.swift; path = ErrorResponse.swift; sourceTree = "<group>"; };
		2FC3320A25E61AE200564D64 /* GeneralResponse.swift */ = {isa = PBXFileReference; lastKnownFileType = sourcecode.swift; path = GeneralResponse.swift; sourceTree = "<group>"; };
		2FC3321025E61B1100564D64 /* PostRequest.swift */ = {isa = PBXFileReference; lastKnownFileType = sourcecode.swift; path = PostRequest.swift; sourceTree = "<group>"; };
		2FC3321325E61B2400564D64 /* LoginRequest.swift */ = {isa = PBXFileReference; lastKnownFileType = sourcecode.swift; path = LoginRequest.swift; sourceTree = "<group>"; };
		2FC3321725E61C3B00564D64 /* PostRequestLocation.swift */ = {isa = PBXFileReference; lastKnownFileType = sourcecode.swift; path = PostRequestLocation.swift; sourceTree = "<group>"; };
		2FC3321A25E61C7800564D64 /* RegisterRequest.swift */ = {isa = PBXFileReference; lastKnownFileType = sourcecode.swift; path = RegisterRequest.swift; sourceTree = "<group>"; };
		2FC3321D25E61D5100564D64 /* Post.swift */ = {isa = PBXFileReference; lastKnownFileType = sourcecode.swift; path = Post.swift; sourceTree = "<group>"; };
		2FC3322025E61D6F00564D64 /* PostLocation.swift */ = {isa = PBXFileReference; lastKnownFileType = sourcecode.swift; path = PostLocation.swift; sourceTree = "<group>"; };
		2FC3322325E61D8F00564D64 /* User.swift */ = {isa = PBXFileReference; lastKnownFileType = sourcecode.swift; path = User.swift; sourceTree = "<group>"; };
		2FC3322625E61DC800564D64 /* EndPoints.swift */ = {isa = PBXFileReference; lastKnownFileType = sourcecode.swift; path = EndPoints.swift; sourceTree = "<group>"; };
		2FC3322925E6269F00564D64 /* HomeViewController.swift */ = {isa = PBXFileReference; lastKnownFileType = sourcecode.swift; path = HomeViewController.swift; sourceTree = "<group>"; };
		2FC3322D25E627DD00564D64 /* pTweetsTableViewCell.swift */ = {isa = PBXFileReference; lastKnownFileType = sourcecode.swift; path = pTweetsTableViewCell.swift; sourceTree = "<group>"; };
		2FC3322E25E627DD00564D64 /* pTweetsTableViewCell.xib */ = {isa = PBXFileReference; lastKnownFileType = file.xib; path = pTweetsTableViewCell.xib; sourceTree = "<group>"; };
		2FCF42A925E2291700E18AA8 /* pTweet.app */ = {isa = PBXFileReference; explicitFileType = wrapper.application; includeInIndex = 0; path = pTweet.app; sourceTree = BUILT_PRODUCTS_DIR; };
		2FCF42AC25E2291700E18AA8 /* AppDelegate.swift */ = {isa = PBXFileReference; lastKnownFileType = sourcecode.swift; path = AppDelegate.swift; sourceTree = "<group>"; };
		2FCF42B025E2291700E18AA8 /* ViewController.swift */ = {isa = PBXFileReference; lastKnownFileType = sourcecode.swift; path = ViewController.swift; sourceTree = "<group>"; };
		2FCF42B525E2291900E18AA8 /* Assets.xcassets */ = {isa = PBXFileReference; lastKnownFileType = folder.assetcatalog; path = Assets.xcassets; sourceTree = "<group>"; };
		2FCF42B825E2291900E18AA8 /* Base */ = {isa = PBXFileReference; lastKnownFileType = file.storyboard; name = Base; path = Base.lproj/LaunchScreen.storyboard; sourceTree = "<group>"; };
		2FCF42BA25E2291900E18AA8 /* Info.plist */ = {isa = PBXFileReference; lastKnownFileType = text.plist.xml; path = Info.plist; sourceTree = "<group>"; };
		2FCF42DF25E22D8300E18AA8 /* Welcome.storyboard */ = {isa = PBXFileReference; lastKnownFileType = file.storyboard; path = Welcome.storyboard; sourceTree = "<group>"; };
		2FDBFCBA25E4CACB0052E47B /* WelcomeViewController.swift */ = {isa = PBXFileReference; lastKnownFileType = sourcecode.swift; path = WelcomeViewController.swift; sourceTree = "<group>"; };
		2FDBFCBD25E4CAEF0052E47B /* LoginViewController.swift */ = {isa = PBXFileReference; lastKnownFileType = sourcecode.swift; path = LoginViewController.swift; sourceTree = "<group>"; };
		2FDBFCC025E4CB150052E47B /* RegisterViewController.swift */ = {isa = PBXFileReference; lastKnownFileType = sourcecode.swift; path = RegisterViewController.swift; sourceTree = "<group>"; };
		2FDBFCC425E4DB940052E47B /* Home.storyboard */ = {isa = PBXFileReference; lastKnownFileType = file.storyboard; path = Home.storyboard; sourceTree = "<group>"; };
		4B9055843E9B69EAE828A036 /* Pods-pTweet.release.xcconfig */ = {isa = PBXFileReference; includeInIndex = 1; lastKnownFileType = text.xcconfig; name = "Pods-pTweet.release.xcconfig"; path = "Target Support Files/Pods-pTweet/Pods-pTweet.release.xcconfig"; sourceTree = "<group>"; };
		8334B57D653FA9817C12D262 /* Pods_pTweet.framework */ = {isa = PBXFileReference; explicitFileType = wrapper.framework; includeInIndex = 0; path = Pods_pTweet.framework; sourceTree = BUILT_PRODUCTS_DIR; };
		DFE7ED107CFAF6C55935CC6D /* Pods-pTweet.debug.xcconfig */ = {isa = PBXFileReference; includeInIndex = 1; lastKnownFileType = text.xcconfig; name = "Pods-pTweet.debug.xcconfig"; path = "Target Support Files/Pods-pTweet/Pods-pTweet.debug.xcconfig"; sourceTree = "<group>"; };
/* End PBXFileReference section */

/* Begin PBXFrameworksBuildPhase section */
		2FCF42A625E2291700E18AA8 /* Frameworks */ = {
			isa = PBXFrameworksBuildPhase;
			buildActionMask = 2147483647;
			files = (
				CBAD76165B8DD5359825B319 /* Pods_pTweet.framework in Frameworks */,
			);
			runOnlyForDeploymentPostprocessing = 0;
		};
/* End PBXFrameworksBuildPhase section */

/* Begin PBXGroup section */
		2FC3320125E61A4E00564D64 /* Model */ = {
			isa = PBXGroup;
			children = (
				2FC3320225E61A6B00564D64 /* Response */,
				2FC3320325E61A7C00564D64 /* Request */,
				2FC3321D25E61D5100564D64 /* Post.swift */,
				2FC3322025E61D6F00564D64 /* PostLocation.swift */,
				2FC3322325E61D8F00564D64 /* User.swift */,
			);
			path = Model;
			sourceTree = "<group>";
		};
		2FC3320225E61A6B00564D64 /* Response */ = {
			isa = PBXGroup;
			children = (
				2FC3320425E61ABA00564D64 /* LoginResponse.swift */,
				2FC3320725E61ACF00564D64 /* ErrorResponse.swift */,
				2FC3320A25E61AE200564D64 /* GeneralResponse.swift */,
			);
			path = Response;
			sourceTree = "<group>";
		};
		2FC3320325E61A7C00564D64 /* Request */ = {
			isa = PBXGroup;
			children = (
				2FC3321025E61B1100564D64 /* PostRequest.swift */,
				2FC3321325E61B2400564D64 /* LoginRequest.swift */,
				2FC3321725E61C3B00564D64 /* PostRequestLocation.swift */,
				2FC3321A25E61C7800564D64 /* RegisterRequest.swift */,
			);
			path = Request;
			sourceTree = "<group>";
		};
		2FC3322C25E627AB00564D64 /* Cell */ = {
			isa = PBXGroup;
			children = (
				2FC3322D25E627DD00564D64 /* pTweetsTableViewCell.swift */,
				2FC3322E25E627DD00564D64 /* pTweetsTableViewCell.xib */,
			);
			path = Cell;
			sourceTree = "<group>";
		};
		2FCF42A025E2291700E18AA8 = {
			isa = PBXGroup;
			children = (
				2FCF42AB25E2291700E18AA8 /* pTweet */,
				2FCF42AA25E2291700E18AA8 /* Products */,
				552F9BB6B0368F2559651E67 /* Pods */,
				795FE239523DB69D07F5B3CF /* Frameworks */,
			);
			sourceTree = "<group>";
		};
		2FCF42AA25E2291700E18AA8 /* Products */ = {
			isa = PBXGroup;
			children = (
				2FCF42A925E2291700E18AA8 /* pTweet.app */,
			);
			name = Products;
			sourceTree = "<group>";
		};
		2FCF42AB25E2291700E18AA8 /* pTweet */ = {
			isa = PBXGroup;
			children = (
				2FCF42DC25E22D1A00E18AA8 /* Modules */,
				2FCF42DB25E22D0400E18AA8 /* Commons */,
				2FCF42BA25E2291900E18AA8 /* Info.plist */,
			);
			path = pTweet;
			sourceTree = "<group>";
		};
		2FCF42DB25E22D0400E18AA8 /* Commons */ = {
			isa = PBXGroup;
			children = (
				2FC3320125E61A4E00564D64 /* Model */,
				2FCF42AC25E2291700E18AA8 /* AppDelegate.swift */,
				2FCF42B025E2291700E18AA8 /* ViewController.swift */,
				2FCF42B525E2291900E18AA8 /* Assets.xcassets */,
				2FCF42B725E2291900E18AA8 /* LaunchScreen.storyboard */,
				2FC3322625E61DC800564D64 /* EndPoints.swift */,
			);
			path = Commons;
			sourceTree = "<group>";
		};
		2FCF42DC25E22D1A00E18AA8 /* Modules */ = {
			isa = PBXGroup;
			children = (
				2FDBFCC325E4DB700052E47B /* Home */,
				2FCF42DE25E22D6600E18AA8 /* Welcome */,
			);
			path = Modules;
			sourceTree = "<group>";
		};
		2FCF42DE25E22D6600E18AA8 /* Welcome */ = {
			isa = PBXGroup;
			children = (
				2FCF42DF25E22D8300E18AA8 /* Welcome.storyboard */,
				2FDBFCBA25E4CACB0052E47B /* WelcomeViewController.swift */,
				2FDBFCBD25E4CAEF0052E47B /* LoginViewController.swift */,
				2FDBFCC025E4CB150052E47B /* RegisterViewController.swift */,
			);
			path = Welcome;
			sourceTree = "<group>";
		};
		2FDBFCC325E4DB700052E47B /* Home */ = {
			isa = PBXGroup;
			children = (
				2FC3322C25E627AB00564D64 /* Cell */,
				2FDBFCC425E4DB940052E47B /* Home.storyboard */,
				2FC3322925E6269F00564D64 /* HomeViewController.swift */,
				2F319A7C25E766CF006152AB /* AddPostViewController.swift */,
			);
			path = Home;
			sourceTree = "<group>";
		};
		552F9BB6B0368F2559651E67 /* Pods */ = {
			isa = PBXGroup;
			children = (
				DFE7ED107CFAF6C55935CC6D /* Pods-pTweet.debug.xcconfig */,
				4B9055843E9B69EAE828A036 /* Pods-pTweet.release.xcconfig */,
			);
			path = Pods;
			sourceTree = "<group>";
		};
		795FE239523DB69D07F5B3CF /* Frameworks */ = {
			isa = PBXGroup;
			children = (
				8334B57D653FA9817C12D262 /* Pods_pTweet.framework */,
			);
			name = Frameworks;
			sourceTree = "<group>";
		};
/* End PBXGroup section */

/* Begin PBXNativeTarget section */
		2FCF42A825E2291700E18AA8 /* pTweet */ = {
			isa = PBXNativeTarget;
			buildConfigurationList = 2FCF42BD25E2291900E18AA8 /* Build configuration list for PBXNativeTarget "pTweet" */;
			buildPhases = (
				93CFA6E9147858D10E4FF430 /* [CP] Check Pods Manifest.lock */,
				2FCF42A525E2291700E18AA8 /* Sources */,
				2FCF42A625E2291700E18AA8 /* Frameworks */,
				2FCF42A725E2291700E18AA8 /* Resources */,
				EFE9519DCF6C6621F84CDE6E /* [CP] Embed Pods Frameworks */,
			);
			buildRules = (
			);
			dependencies = (
			);
			name = pTweet;
			productName = pTweet;
			productReference = 2FCF42A925E2291700E18AA8 /* pTweet.app */;
			productType = "com.apple.product-type.application";
		};
/* End PBXNativeTarget section */

/* Begin PBXProject section */
		2FCF42A125E2291700E18AA8 /* Project object */ = {
			isa = PBXProject;
			attributes = {
				LastSwiftUpdateCheck = 1240;
				LastUpgradeCheck = 1240;
				TargetAttributes = {
					2FCF42A825E2291700E18AA8 = {
						CreatedOnToolsVersion = 12.4;
					};
				};
			};
			buildConfigurationList = 2FCF42A425E2291700E18AA8 /* Build configuration list for PBXProject "pTweet" */;
			compatibilityVersion = "Xcode 9.3";
			developmentRegion = en;
			hasScannedForEncodings = 0;
			knownRegions = (
				en,
				Base,
			);
			mainGroup = 2FCF42A025E2291700E18AA8;
			productRefGroup = 2FCF42AA25E2291700E18AA8 /* Products */;
			projectDirPath = "";
			projectRoot = "";
			targets = (
				2FCF42A825E2291700E18AA8 /* pTweet */,
			);
		};
/* End PBXProject section */

/* Begin PBXResourcesBuildPhase section */
		2FCF42A725E2291700E18AA8 /* Resources */ = {
			isa = PBXResourcesBuildPhase;
			buildActionMask = 2147483647;
			files = (
				2FCF42B925E2291900E18AA8 /* LaunchScreen.storyboard in Resources */,
				2FCF42B625E2291900E18AA8 /* Assets.xcassets in Resources */,
				2FCF42E025E22D8300E18AA8 /* Welcome.storyboard in Resources */,
				2FDBFCC525E4DB940052E47B /* Home.storyboard in Resources */,
				2FC3323025E627DD00564D64 /* pTweetsTableViewCell.xib in Resources */,
			);
			runOnlyForDeploymentPostprocessing = 0;
		};
/* End PBXResourcesBuildPhase section */

/* Begin PBXShellScriptBuildPhase section */
		93CFA6E9147858D10E4FF430 /* [CP] Check Pods Manifest.lock */ = {
			isa = PBXShellScriptBuildPhase;
			buildActionMask = 2147483647;
			files = (
			);
			inputFileListPaths = (
			);
			inputPaths = (
				"${PODS_PODFILE_DIR_PATH}/Podfile.lock",
				"${PODS_ROOT}/Manifest.lock",
			);
			name = "[CP] Check Pods Manifest.lock";
			outputFileListPaths = (
			);
			outputPaths = (
				"$(DERIVED_FILE_DIR)/Pods-pTweet-checkManifestLockResult.txt",
			);
			runOnlyForDeploymentPostprocessing = 0;
			shellPath = /bin/sh;
			shellScript = "diff \"${PODS_PODFILE_DIR_PATH}/Podfile.lock\" \"${PODS_ROOT}/Manifest.lock\" > /dev/null\nif [ $? != 0 ] ; then\n    # print error to STDERR\n    echo \"error: The sandbox is not in sync with the Podfile.lock. Run 'pod install' or update your CocoaPods installation.\" >&2\n    exit 1\nfi\n# This output is used by Xcode 'outputs' to avoid re-running this script phase.\necho \"SUCCESS\" > \"${SCRIPT_OUTPUT_FILE_0}\"\n";
			showEnvVarsInLog = 0;
		};
		EFE9519DCF6C6621F84CDE6E /* [CP] Embed Pods Frameworks */ = {
			isa = PBXShellScriptBuildPhase;
			buildActionMask = 2147483647;
			files = (
			);
			inputFileListPaths = (
				"${PODS_ROOT}/Target Support Files/Pods-pTweet/Pods-pTweet-frameworks-${CONFIGURATION}-input-files.xcfilelist",
			);
			name = "[CP] Embed Pods Frameworks";
			outputFileListPaths = (
				"${PODS_ROOT}/Target Support Files/Pods-pTweet/Pods-pTweet-frameworks-${CONFIGURATION}-output-files.xcfilelist",
			);
			runOnlyForDeploymentPostprocessing = 0;
			shellPath = /bin/sh;
			shellScript = "\"${PODS_ROOT}/Target Support Files/Pods-pTweet/Pods-pTweet-frameworks.sh\"\n";
			showEnvVarsInLog = 0;
		};
/* End PBXShellScriptBuildPhase section */

/* Begin PBXSourcesBuildPhase section */
		2FCF42A525E2291700E18AA8 /* Sources */ = {
			isa = PBXSourcesBuildPhase;
			buildActionMask = 2147483647;
			files = (
				2FDBFCBE25E4CAEF0052E47B /* LoginViewController.swift in Sources */,
				2FC3321825E61C3B00564D64 /* PostRequestLocation.swift in Sources */,
				2FC3322125E61D6F00564D64 /* PostLocation.swift in Sources */,
				2F319A7D25E766CF006152AB /* AddPostViewController.swift in Sources */,
				2FC3322A25E6269F00564D64 /* HomeViewController.swift in Sources */,
				2FC3321B25E61C7800564D64 /* RegisterRequest.swift in Sources */,
				2FDBFCC125E4CB150052E47B /* RegisterViewController.swift in Sources */,
				2FC3322F25E627DD00564D64 /* pTweetsTableViewCell.swift in Sources */,
				2FC3321E25E61D5100564D64 /* Post.swift in Sources */,
				2FC3320525E61ABA00564D64 /* LoginResponse.swift in Sources */,
				2FDBFCBB25E4CACB0052E47B /* WelcomeViewController.swift in Sources */,
				2FC3322425E61D8F00564D64 /* User.swift in Sources */,
				2FCF42B125E2291700E18AA8 /* ViewController.swift in Sources */,
				2FC3320B25E61AE200564D64 /* GeneralResponse.swift in Sources */,
				2FC3321125E61B1100564D64 /* PostRequest.swift in Sources */,
				2FCF42AD25E2291700E18AA8 /* AppDelegate.swift in Sources */,
				2FC3320825E61ACF00564D64 /* ErrorResponse.swift in Sources */,
				2FC3322725E61DC800564D64 /* EndPoints.swift in Sources */,
				2FC3321425E61B2400564D64 /* LoginRequest.swift in Sources */,
			);
			runOnlyForDeploymentPostprocessing = 0;
		};
/* End PBXSourcesBuildPhase section */

/* Begin PBXVariantGroup section */
		2FCF42B725E2291900E18AA8 /* LaunchScreen.storyboard */ = {
			isa = PBXVariantGroup;
			children = (
				2FCF42B825E2291900E18AA8 /* Base */,
			);
			name = LaunchScreen.storyboard;
			sourceTree = "<group>";
		};
/* End PBXVariantGroup section */

/* Begin XCBuildConfiguration section */
		2FCF42BB25E2291900E18AA8 /* Debug */ = {
			isa = XCBuildConfiguration;
			buildSettings = {
				ALWAYS_SEARCH_USER_PATHS = NO;
				CLANG_ANALYZER_NONNULL = YES;
				CLANG_ANALYZER_NUMBER_OBJECT_CONVERSION = YES_AGGRESSIVE;
				CLANG_CXX_LANGUAGE_STANDARD = "gnu++14";
				CLANG_CXX_LIBRARY = "libc++";
				CLANG_ENABLE_MODULES = YES;
				CLANG_ENABLE_OBJC_ARC = YES;
				CLANG_ENABLE_OBJC_WEAK = YES;
				CLANG_WARN_BLOCK_CAPTURE_AUTORELEASING = YES;
				CLANG_WARN_BOOL_CONVERSION = YES;
				CLANG_WARN_COMMA = YES;
				CLANG_WARN_CONSTANT_CONVERSION = YES;
				CLANG_WARN_DEPRECATED_OBJC_IMPLEMENTATIONS = YES;
				CLANG_WARN_DIRECT_OBJC_ISA_USAGE = YES_ERROR;
				CLANG_WARN_DOCUMENTATION_COMMENTS = YES;
				CLANG_WARN_EMPTY_BODY = YES;
				CLANG_WARN_ENUM_CONVERSION = YES;
				CLANG_WARN_INFINITE_RECURSION = YES;
				CLANG_WARN_INT_CONVERSION = YES;
				CLANG_WARN_NON_LITERAL_NULL_CONVERSION = YES;
				CLANG_WARN_OBJC_IMPLICIT_RETAIN_SELF = YES;
				CLANG_WARN_OBJC_LITERAL_CONVERSION = YES;
				CLANG_WARN_OBJC_ROOT_CLASS = YES_ERROR;
				CLANG_WARN_QUOTED_INCLUDE_IN_FRAMEWORK_HEADER = YES;
				CLANG_WARN_RANGE_LOOP_ANALYSIS = YES;
				CLANG_WARN_STRICT_PROTOTYPES = YES;
				CLANG_WARN_SUSPICIOUS_MOVE = YES;
				CLANG_WARN_UNGUARDED_AVAILABILITY = YES_AGGRESSIVE;
				CLANG_WARN_UNREACHABLE_CODE = YES;
				CLANG_WARN__DUPLICATE_METHOD_MATCH = YES;
				COPY_PHASE_STRIP = NO;
				DEBUG_INFORMATION_FORMAT = dwarf;
				ENABLE_STRICT_OBJC_MSGSEND = YES;
				ENABLE_TESTABILITY = YES;
				GCC_C_LANGUAGE_STANDARD = gnu11;
				GCC_DYNAMIC_NO_PIC = NO;
				GCC_NO_COMMON_BLOCKS = YES;
				GCC_OPTIMIZATION_LEVEL = 0;
				GCC_PREPROCESSOR_DEFINITIONS = (
					"DEBUG=1",
					"$(inherited)",
				);
				GCC_WARN_64_TO_32_BIT_CONVERSION = YES;
				GCC_WARN_ABOUT_RETURN_TYPE = YES_ERROR;
				GCC_WARN_UNDECLARED_SELECTOR = YES;
				GCC_WARN_UNINITIALIZED_AUTOS = YES_AGGRESSIVE;
				GCC_WARN_UNUSED_FUNCTION = YES;
				GCC_WARN_UNUSED_VARIABLE = YES;
				IPHONEOS_DEPLOYMENT_TARGET = 14.4;
				MTL_ENABLE_DEBUG_INFO = INCLUDE_SOURCE;
				MTL_FAST_MATH = YES;
				ONLY_ACTIVE_ARCH = YES;
				SDKROOT = iphoneos;
				SWIFT_ACTIVE_COMPILATION_CONDITIONS = DEBUG;
				SWIFT_OPTIMIZATION_LEVEL = "-Onone";
			};
			name = Debug;
		};
		2FCF42BC25E2291900E18AA8 /* Release */ = {
			isa = XCBuildConfiguration;
			buildSettings = {
				ALWAYS_SEARCH_USER_PATHS = NO;
				CLANG_ANALYZER_NONNULL = YES;
				CLANG_ANALYZER_NUMBER_OBJECT_CONVERSION = YES_AGGRESSIVE;
				CLANG_CXX_LANGUAGE_STANDARD = "gnu++14";
				CLANG_CXX_LIBRARY = "libc++";
				CLANG_ENABLE_MODULES = YES;
				CLANG_ENABLE_OBJC_ARC = YES;
				CLANG_ENABLE_OBJC_WEAK = YES;
				CLANG_WARN_BLOCK_CAPTURE_AUTORELEASING = YES;
				CLANG_WARN_BOOL_CONVERSION = YES;
				CLANG_WARN_COMMA = YES;
				CLANG_WARN_CONSTANT_CONVERSION = YES;
				CLANG_WARN_DEPRECATED_OBJC_IMPLEMENTATIONS = YES;
				CLANG_WARN_DIRECT_OBJC_ISA_USAGE = YES_ERROR;
				CLANG_WARN_DOCUMENTATION_COMMENTS = YES;
				CLANG_WARN_EMPTY_BODY = YES;
				CLANG_WARN_ENUM_CONVERSION = YES;
				CLANG_WARN_INFINITE_RECURSION = YES;
				CLANG_WARN_INT_CONVERSION = YES;
				CLANG_WARN_NON_LITERAL_NULL_CONVERSION = YES;
				CLANG_WARN_OBJC_IMPLICIT_RETAIN_SELF = YES;
				CLANG_WARN_OBJC_LITERAL_CONVERSION = YES;
				CLANG_WARN_OBJC_ROOT_CLASS = YES_ERROR;
				CLANG_WARN_QUOTED_INCLUDE_IN_FRAMEWORK_HEADER = YES;
				CLANG_WARN_RANGE_LOOP_ANALYSIS = YES;
				CLANG_WARN_STRICT_PROTOTYPES = YES;
				CLANG_WARN_SUSPICIOUS_MOVE = YES;
				CLANG_WARN_UNGUARDED_AVAILABILITY = YES_AGGRESSIVE;
				CLANG_WARN_UNREACHABLE_CODE = YES;
				CLANG_WARN__DUPLICATE_METHOD_MATCH = YES;
				COPY_PHASE_STRIP = NO;
				DEBUG_INFORMATION_FORMAT = "dwarf-with-dsym";
				ENABLE_NS_ASSERTIONS = NO;
				ENABLE_STRICT_OBJC_MSGSEND = YES;
				GCC_C_LANGUAGE_STANDARD = gnu11;
				GCC_NO_COMMON_BLOCKS = YES;
				GCC_WARN_64_TO_32_BIT_CONVERSION = YES;
				GCC_WARN_ABOUT_RETURN_TYPE = YES_ERROR;
				GCC_WARN_UNDECLARED_SELECTOR = YES;
				GCC_WARN_UNINITIALIZED_AUTOS = YES_AGGRESSIVE;
				GCC_WARN_UNUSED_FUNCTION = YES;
				GCC_WARN_UNUSED_VARIABLE = YES;
				IPHONEOS_DEPLOYMENT_TARGET = 14.4;
				MTL_ENABLE_DEBUG_INFO = NO;
				MTL_FAST_MATH = YES;
				SDKROOT = iphoneos;
				SWIFT_COMPILATION_MODE = wholemodule;
				SWIFT_OPTIMIZATION_LEVEL = "-O";
				VALIDATE_PRODUCT = YES;
			};
			name = Release;
		};
		2FCF42BE25E2291900E18AA8 /* Debug */ = {
			isa = XCBuildConfiguration;
			baseConfigurationReference = DFE7ED107CFAF6C55935CC6D /* Pods-pTweet.debug.xcconfig */;
			buildSettings = {
				ASSETCATALOG_COMPILER_APPICON_NAME = AppIcon;
				ASSETCATALOG_COMPILER_GLOBAL_ACCENT_COLOR_NAME = AccentColor;
				CODE_SIGN_STYLE = Automatic;
				DEVELOPMENT_TEAM = 3HC7295HS9;
				INFOPLIST_FILE = pTweet/Info.plist;
				IPHONEOS_DEPLOYMENT_TARGET = 11.0;
				LD_RUNPATH_SEARCH_PATHS = (
					"$(inherited)",
					"@executable_path/Frameworks",
				);
				PRODUCT_BUNDLE_IDENTIFIER = com.Wister.pTweet;
				PRODUCT_NAME = "$(TARGET_NAME)";
				SWIFT_VERSION = 5.0;
				TARGETED_DEVICE_FAMILY = 1;
			};
			name = Debug;
		};
		2FCF42BF25E2291900E18AA8 /* Release */ = {
			isa = XCBuildConfiguration;
			baseConfigurationReference = 4B9055843E9B69EAE828A036 /* Pods-pTweet.release.xcconfig */;
			buildSettings = {
				ASSETCATALOG_COMPILER_APPICON_NAME = AppIcon;
				ASSETCATALOG_COMPILER_GLOBAL_ACCENT_COLOR_NAME = AccentColor;
				CODE_SIGN_STYLE = Automatic;
				DEVELOPMENT_TEAM = 3HC7295HS9;
				INFOPLIST_FILE = pTweet/Info.plist;
				IPHONEOS_DEPLOYMENT_TARGET = 11.0;
				LD_RUNPATH_SEARCH_PATHS = (
					"$(inherited)",
					"@executable_path/Frameworks",
				);
				PRODUCT_BUNDLE_IDENTIFIER = com.Wister.pTweet;
				PRODUCT_NAME = "$(TARGET_NAME)";
				SWIFT_VERSION = 5.0;
				TARGETED_DEVICE_FAMILY = 1;
			};
			name = Release;
		};
/* End XCBuildConfiguration section */

/* Begin XCConfigurationList section */
		2FCF42A425E2291700E18AA8 /* Build configuration list for PBXProject "pTweet" */ = {
			isa = XCConfigurationList;
			buildConfigurations = (
				2FCF42BB25E2291900E18AA8 /* Debug */,
				2FCF42BC25E2291900E18AA8 /* Release */,
			);
			defaultConfigurationIsVisible = 0;
			defaultConfigurationName = Release;
		};
		2FCF42BD25E2291900E18AA8 /* Build configuration list for PBXNativeTarget "pTweet" */ = {
			isa = XCConfigurationList;
			buildConfigurations = (
				2FCF42BE25E2291900E18AA8 /* Debug */,
				2FCF42BF25E2291900E18AA8 /* Release */,
			);
			defaultConfigurationIsVisible = 0;
			defaultConfigurationName = Release;
		};
/* End XCConfigurationList section */
	};
	rootObject = 2FCF42A125E2291700E18AA8 /* Project object */;
}
